
Microsoft Visual Studio Solution File, Format Version 12.00
# Visual Studio Version 17
VisualStudioVersion = 17.9.34728.123
MinimumVisualStudioVersion = 10.0.40219.1
Project("{9A19103F-16F7-4668-BE54-9A1E7A4F7556}") = "BE", "Swp391\BE.csproj", "{B9B49175-6038-40A4-82AD-E3CECA5EBC64}"
EndProject
Project("{2150E333-8FDC-42A3-9474-1A3956D46DE8}") = "Solution Items", "Solution Items", "{5DA5078A-3985-4709-A528-C6F624F556CF}"
	ProjectSection(SolutionItems) = preProject
		.gitignore = .gitignore
	EndProjectSection
EndProject
Global
	GlobalSection(SolutionConfigurationPlatforms) = preSolution
		Debug|Any CPU = Debug|Any CPU
		Release|Any CPU = Release|Any CPU
	EndGlobalSection
	GlobalSection(ProjectConfigurationPlatforms) = postSolution
		{B9B49175-6038-40A4-82AD-E3CECA5EBC64}.Debug|Any CPU.ActiveCfg = Debug|Any CPU
		{B9B49175-6038-40A4-82AD-E3CECA5EBC64}.Debug|Any CPU.Build.0 = Debug|Any CPU
		{B9B49175-6038-40A4-82AD-E3CECA5EBC64}.Release|Any CPU.ActiveCfg = Release|Any CPU
		{B9B49175-6038-40A4-82AD-E3CECA5EBC64}.Release|Any CPU.Build.0 = Release|Any CPU
	EndGlobalSection
	GlobalSection(SolutionProperties) = preSolution
		HideSolutionNode = FALSE
	EndGlobalSection
	GlobalSection(ExtensibilityGlobals) = postSolution
		SolutionGuid = {C20D10EF-F054-448B-ACE4-F4F6481DDC22}
	EndGlobalSection
EndGlobal
